// !$*UTF8*$!
{
	archiveVersion = 1;
	classes = {
	};
	objectVersion = 77;
	objects = {

/* Begin PBXContainerItemProxy section */
		2243DAB52D5B0C8C005B8B4F /* PBXContainerItemProxy */ = {
			isa = PBXContainerItemProxy;
			containerPortal = 2243DA962D5B0C8A005B8B4F /* Project object */;
			proxyType = 1;
			remoteGlobalIDString = 2243DA9D2D5B0C8A005B8B4F;
			remoteInfo = Dice_Roll;
		};
		2243DABF2D5B0C8C005B8B4F /* PBXContainerItemProxy */ = {
			isa = PBXContainerItemProxy;
			containerPortal = 2243DA962D5B0C8A005B8B4F /* Project object */;
			proxyType = 1;
			remoteGlobalIDString = 2243DA9D2D5B0C8A005B8B4F;
			remoteInfo = Dice_Roll;
		};
/* End PBXContainerItemProxy section */

/* Begin PBXFileReference section */
		2243DA9E2D5B0C8A005B8B4F /* Dice_Roll.app */ = {isa = PBXFileReference; explicitFileType = wrapper.application; includeInIndex = 0; path = Dice_Roll.app; sourceTree = BUILT_PRODUCTS_DIR; };
		2243DAB42D5B0C8C005B8B4F /* Dice_RollTests.xctest */ = {isa = PBXFileReference; explicitFileType = wrapper.cfbundle; includeInIndex = 0; path = Dice_RollTests.xctest; sourceTree = BUILT_PRODUCTS_DIR; };
		2243DABE2D5B0C8C005B8B4F /* Dice_RollUITests.xctest */ = {isa = PBXFileReference; explicitFileType = wrapper.cfbundle; includeInIndex = 0; path = Dice_RollUITests.xctest; sourceTree = BUILT_PRODUCTS_DIR; };
/* End PBXFileReference section */

/* Begin PBXFileSystemSynchronizedBuildFileExceptionSet section */
		2243DAC62D5B0C8C005B8B4F /* Exceptions for "Dice_Roll" folder in "Dice_Roll" target */ = {
			isa = PBXFileSystemSynchronizedBuildFileExceptionSet;
			membershipExceptions = (
				Info.plist,
			);
			target = 2243DA9D2D5B0C8A005B8B4F /* Dice_Roll */;
		};
/* End PBXFileSystemSynchronizedBuildFileExceptionSet section */

/* Begin PBXFileSystemSynchronizedRootGroup section */
		2243DAA02D5B0C8A005B8B4F /* Dice_Roll */ = {
			isa = PBXFileSystemSynchronizedRootGroup;
			exceptions = (
				2243DAC62D5B0C8C005B8B4F /* Exceptions for "Dice_Roll" folder in "Dice_Roll" target */,
			);
			path = Dice_Roll;
			sourceTree = "<group>";
		};
		2243DAB72D5B0C8C005B8B4F /* Dice_RollTests */ = {
			isa = PBXFileSystemSynchronizedRootGroup;
			path = Dice_RollTests;
			sourceTree = "<group>";
		};
		2243DAC12D5B0C8C005B8B4F /* Dice_RollUITests */ = {
			isa = PBXFileSystemSynchronizedRootGroup;
			path = Dice_RollUITests;
			sourceTree = "<group>";
		};
/* End PBXFileSystemSynchronizedRootGroup section */

/* Begin PBXFrameworksBuildPhase section */
		2243DA9B2D5B0C8A005B8B4F /* Frameworks */ = {
			isa = PBXFrameworksBuildPhase;
			buildActionMask = 2147483647;
			files = (
			);
			runOnlyForDeploymentPostprocessing = 0;
		};
		2243DAB12D5B0C8C005B8B4F /* Frameworks */ = {
			isa = PBXFrameworksBuildPhase;
			buildActionMask = 2147483647;
			files = (
			);
			runOnlyForDeploymentPostprocessing = 0;
		};
		2243DABB2D5B0C8C005B8B4F /* Frameworks */ = {
			isa = PBXFrameworksBuildPhase;
			buildActionMask = 2147483647;
			files = (
			);
			runOnlyForDeploymentPostprocessing = 0;
		};
/* End PBXFrameworksBuildPhase section */

/* Begin PBXGroup section */
		2243DA952D5B0C8A005B8B4F = {
			isa = PBXGroup;
			children = (
				2243DAA02D5B0C8A005B8B4F /* Dice_Roll */,
				2243DAB72D5B0C8C005B8B4F /* Dice_RollTests */,
				2243DAC12D5B0C8C005B8B4F /* Dice_RollUITests */,
				2243DA9F2D5B0C8A005B8B4F /* Products */,
			);
			sourceTree = "<group>";
		};
		2243DA9F2D5B0C8A005B8B4F /* Products */ = {
			isa = PBXGroup;
			children = (
				2243DA9E2D5B0C8A005B8B4F /* Dice_Roll.app */,
				2243DAB42D5B0C8C005B8B4F /* Dice_RollTests.xctest */,
				2243DABE2D5B0C8C005B8B4F /* Dice_RollUITests.xctest */,
			);
			name = Products;
			sourceTree = "<group>";
		};
/* End PBXGroup section */

/* Begin PBXNativeTarget section */
		2243DA9D2D5B0C8A005B8B4F /* Dice_Roll */ = {
			isa = PBXNativeTarget;
			buildConfigurationList = 2243DAC72D5B0C8C005B8B4F /* Build configuration list for PBXNativeTarget "Dice_Roll" */;
			buildPhases = (
				2243DA9A2D5B0C8A005B8B4F /* Sources */,
				2243DA9B2D5B0C8A005B8B4F /* Frameworks */,
				2243DA9C2D5B0C8A005B8B4F /* Resources */,
			);
			buildRules = (
			);
			dependencies = (
			);
			fileSystemSynchronizedGroups = (
				2243DAA02D5B0C8A005B8B4F /* Dice_Roll */,
			);
			name = Dice_Roll;
			packageProductDependencies = (
			);
			productName = Dice_Roll;
			productReference = 2243DA9E2D5B0C8A005B8B4F /* Dice_Roll.app */;
			productType = "com.apple.product-type.application";
		};
		2243DAB32D5B0C8C005B8B4F /* Dice_RollTests */ = {
			isa = PBXNativeTarget;
			buildConfigurationList = 2243DACC2D5B0C8C005B8B4F /* Build configuration list for PBXNativeTarget "Dice_RollTests" */;
			buildPhases = (
				2243DAB02D5B0C8C005B8B4F /* Sources */,
				2243DAB12D5B0C8C005B8B4F /* Frameworks */,
				2243DAB22D5B0C8C005B8B4F /* Resources */,
			);
			buildRules = (
			);
			dependencies = (
				2243DAB62D5B0C8C005B8B4F /* PBXTargetDependency */,
			);
			fileSystemSynchronizedGroups = (
				2243DAB72D5B0C8C005B8B4F /* Dice_RollTests */,
			);
			name = Dice_RollTests;
			packageProductDependencies = (
			);
			productName = Dice_RollTests;
			productReference = 2243DAB42D5B0C8C005B8B4F /* Dice_RollTests.xctest */;
			productType = "com.apple.product-type.bundle.unit-test";
		};
		2243DABD2D5B0C8C005B8B4F /* Dice_RollUITests */ = {
			isa = PBXNativeTarget;
			buildConfigurationList = 2243DACF2D5B0C8C005B8B4F /* Build configuration list for PBXNativeTarget "Dice_RollUITests" */;
			buildPhases = (
				2243DABA2D5B0C8C005B8B4F /* Sources */,
				2243DABB2D5B0C8C005B8B4F /* Frameworks */,
				2243DABC2D5B0C8C005B8B4F /* Resources */,
			);
			buildRules = (
			);
			dependencies = (
				2243DAC02D5B0C8C005B8B4F /* PBXTargetDependency */,
			);
			fileSystemSynchronizedGroups = (
				2243DAC12D5B0C8C005B8B4F /* Dice_RollUITests */,
			);
			name = Dice_RollUITests;
			packageProductDependencies = (
			);
			productName = Dice_RollUITests;
			productReference = 2243DABE2D5B0C8C005B8B4F /* Dice_RollUITests.xctest */;
			productType = "com.apple.product-type.bundle.ui-testing";
		};
/* End PBXNativeTarget section */

/* Begin PBXProject section */
		2243DA962D5B0C8A005B8B4F /* Project object */ = {
			isa = PBXProject;
			attributes = {
				BuildIndependentTargetsInParallel = 1;
				LastSwiftUpdateCheck = 1620;
				LastUpgradeCheck = 1620;
				TargetAttributes = {
					2243DA9D2D5B0C8A005B8B4F = {
						CreatedOnToolsVersion = 16.2;
					};
					2243DAB32D5B0C8C005B8B4F = {
						CreatedOnToolsVersion = 16.2;
						TestTargetID = 2243DA9D2D5B0C8A005B8B4F;
					};
					2243DABD2D5B0C8C005B8B4F = {
						CreatedOnToolsVersion = 16.2;
						TestTargetID = 2243DA9D2D5B0C8A005B8B4F;
					};
				};
			};
			buildConfigurationList = 2243DA992D5B0C8A005B8B4F /* Build configuration list for PBXProject "Dice_Roll" */;
			developmentRegion = en;
			hasScannedForEncodings = 0;
			knownRegions = (
				en,
				Base,
			);
			mainGroup = 2243DA952D5B0C8A005B8B4F;
			minimizedProjectReferenceProxies = 1;
			preferredProjectObjectVersion = 77;
			productRefGroup = 2243DA9F2D5B0C8A005B8B4F /* Products */;
			projectDirPath = "";
			projectRoot = "";
			targets = (
				2243DA9D2D5B0C8A005B8B4F /* Dice_Roll */,
				2243DAB32D5B0C8C005B8B4F /* Dice_RollTests */,
				2243DABD2D5B0C8C005B8B4F /* Dice_RollUITests */,
			);
		};
/* End PBXProject section */

/* Begin PBXResourcesBuildPhase section */
		2243DA9C2D5B0C8A005B8B4F /* Resources */ = {
			isa = PBXResourcesBuildPhase;
			buildActionMask = 2147483647;
			files = (
			);
			runOnlyForDeploymentPostprocessing = 0;
		};
		2243DAB22D5B0C8C005B8B4F /* Resources */ = {
			isa = PBXResourcesBuildPhase;
			buildActionMask = 2147483647;
			files = (
			);
			runOnlyForDeploymentPostprocessing = 0;
		};
		2243DABC2D5B0C8C005B8B4F /* Resources */ = {
			isa = PBXResourcesBuildPhase;
			buildActionMask = 2147483647;
			files = (
			);
			runOnlyForDeploymentPostprocessing = 0;
		};
/* End PBXResourcesBuildPhase section */

/* Begin PBXSourcesBuildPhase section */
		2243DA9A2D5B0C8A005B8B4F /* Sources */ = {
			isa = PBXSourcesBuildPhase;
			buildActionMask = 2147483647;
			files = (
			);
			runOnlyForDeploymentPostprocessing = 0;
		};
		2243DAB02D5B0C8C005B8B4F /* Sources */ = {
			isa = PBXSourcesBuildPhase;
			buildActionMask = 2147483647;
			files = (
			);
			runOnlyForDeploymentPostprocessing = 0;
		};
		2243DABA2D5B0C8C005B8B4F /* Sources */ = {
			isa = PBXSourcesBuildPhase;
			buildActionMask = 2147483647;
			files = (
			);
			runOnlyForDeploymentPostprocessing = 0;
		};
/* End PBXSourcesBuildPhase section */

/* Begin PBXTargetDependency section */
		2243DAB62D5B0C8C005B8B4F /* PBXTargetDependency */ = {
			isa = PBXTargetDependency;
			target = 2243DA9D2D5B0C8A005B8B4F /* Dice_Roll */;
			targetProxy = 2243DAB52D5B0C8C005B8B4F /* PBXContainerItemProxy */;
		};
		2243DAC02D5B0C8C005B8B4F /* PBXTargetDependency */ = {
			isa = PBXTargetDependency;
			target = 2243DA9D2D5B0C8A005B8B4F /* Dice_Roll */;
			targetProxy = 2243DABF2D5B0C8C005B8B4F /* PBXContainerItemProxy */;
		};
/* End PBXTargetDependency section */

/* Begin XCBuildConfiguration section */
		2243DAC82D5B0C8C005B8B4F /* Debug */ = {
			isa = XCBuildConfiguration;
			buildSettings = {
				ASSETCATALOG_COMPILER_APPICON_NAME = AppIcon;
				ASSETCATALOG_COMPILER_GLOBAL_ACCENT_COLOR_NAME = AccentColor;
				CODE_SIGN_STYLE = Automatic;
				CURRENT_PROJECT_VERSION = 1;
				GENERATE_INFOPLIST_FILE = YES;
				INFOPLIST_FILE = Dice_Roll/Info.plist;
				INFOPLIST_KEY_UIApplicationSupportsIndirectInputEvents = YES;
				INFOPLIST_KEY_UILaunchStoryboardName = LaunchScreen;
				INFOPLIST_KEY_UIMainStoryboardFile = Main;
				INFOPLIST_KEY_UISupportedInterfaceOrientations_iPad = "UIInterfaceOrientationPortrait UIInterfaceOrientationPortraitUpsideDown UIInterfaceOrientationLandscapeLeft UIInterfaceOrientationLandscapeRight";
				INFOPLIST_KEY_UISupportedInterfaceOrientations_iPhone = "UIInterfaceOrientationPortrait UIInterfaceOrientationLandscapeLeft UIInterfaceOrientationLandscapeRight";
				LD_RUNPATH_SEARCH_PATHS = (
					"$(inherited)",
					"@executable_path/Frameworks",
				);
				MARKETING_VERSION = 1.0;
				PRODUCT_BUNDLE_IDENTIFIER = "edu.kjsce.Dice-Roll";
				PRODUCT_NAME = "$(TARGET_NAME)";
				SWIFT_EMIT_LOC_STRINGS = YES;
				SWIFT_VERSION = 5.0;
				TARGETED_DEVICE_FAMILY = "1,2";
			};
			name = Debug;
		};
		2243DAC92D5B0C8C005B8B4F /* Release */ = {
			isa = XCBuildConfiguration;
			buildSettings = {
				ASSETCATALOG_COMPILER_APPICON_NAME = AppIcon;
				ASSETCATALOG_COMPILER_GLOBAL_ACCENT_COLOR_NAME = AccentColor;
				CODE_SIGN_STYLE = Automatic;
				CURRENT_PROJECT_VERSION = 1;
				GENERATE_INFOPLIST_FILE = YES;
				INFOPLIST_FILE = Dice_Roll/Info.plist;
				INFOPLIST_KEY_UIApplicationSupportsIndirectInputEvents = YES;
				INFOPLIST_KEY_UILaunchStoryboardName = LaunchScreen;
				INFOPLIST_KEY_UIMainStoryboardFile = Main;
				INFOPLIST_KEY_UISupportedInterfaceOrientations_iPad = "UIInterfaceOrientationPortrait UIInterfaceOrientationPortraitUpsideDown UIInterfaceOrientationLandscapeLeft UIInterfaceOrientationLandscapeRight";
				INFOPLIST_KEY_UISupportedInterfaceOrientations_iPhone = "UIInterfaceOrientationPortrait UIInterfaceOrientationLandscapeLeft UIInterfaceOrientationLandscapeRight";
				LD_RUNPATH_SEARCH_PATHS = (
					"$(inherited)",
					"@executable_path/Frameworks",
				);
				MARKETING_VERSION = 1.0;
				PRODUCT_BUNDLE_IDENTIFIER = "edu.kjsce.Dice-Roll";
				PRODUCT_NAME = "$(TARGET_NAME)";
				SWIFT_EMIT_LOC_STRINGS = YES;
				SWIFT_VERSION = 5.0;
				TARGETED_DEVICE_FAMILY = "1,2";
			};
			name = Release;
		};
		2243DACA2D5B0C8C005B8B4F /* Debug */ = {
			isa = XCBuildConfiguration;
			buildSettings = {
				ALWAYS_SEARCH_USER_PATHS = NO;
				ASSETCATALOG_COMPILER_GENERATE_SWIFT_ASSET_SYMBOL_EXTENSIONS = YES;
				CLANG_ANALYZER_NONNULL = YES;
				CLANG_ANALYZER_NUMBER_OBJECT_CONVERSION = YES_AGGRESSIVE;
				CLANG_CXX_LANGUAGE_STANDARD = "gnu++20";
				CLANG_ENABLE_MODULES = YES;
				CLANG_ENABLE_OBJC_ARC = YES;
				CLANG_ENABLE_OBJC_WEAK = YES;
				CLANG_WARN_BLOCK_CAPTURE_AUTORELEASING = YES;
				CLANG_WARN_BOOL_CONVERSION = YES;
				CLANG_WARN_COMMA = YES;
				CLANG_WARN_CONSTANT_CONVERSION = YES;
				CLANG_WARN_DEPRECATED_OBJC_IMPLEMENTATIONS = YES;
				CLANG_WARN_DIRECT_OBJC_ISA_USAGE = YES_ERROR;
				CLANG_WARN_DOCUMENTATION_COMMENTS = YES;
				CLANG_WARN_EMPTY_BODY = YES;
				CLANG_WARN_ENUM_CONVERSION = YES;
				CLANG_WARN_INFINITE_RECURSION = YES;
				CLANG_WARN_INT_CONVERSION = YES;
				CLANG_WARN_NON_LITERAL_NULL_CONVERSION = YES;
				CLANG_WARN_OBJC_IMPLICIT_RETAIN_SELF = YES;
				CLANG_WARN_OBJC_LITERAL_CONVERSION = YES;
				CLANG_WARN_OBJC_ROOT_CLASS = YES_ERROR;
				CLANG_WARN_QUOTED_INCLUDE_IN_FRAMEWORK_HEADER = YES;
				CLANG_WARN_RANGE_LOOP_ANALYSIS = YES;
				CLANG_WARN_STRICT_PROTOTYPES = YES;
				CLANG_WARN_SUSPICIOUS_MOVE = YES;
				CLANG_WARN_UNGUARDED_AVAILABILITY = YES_AGGRESSIVE;
				CLANG_WARN_UNREACHABLE_CODE = YES;
				CLANG_WARN__DUPLICATE_METHOD_MATCH = YES;
				COPY_PHASE_STRIP = NO;
				DEBUG_INFORMATION_FORMAT = dwarf;
				ENABLE_STRICT_OBJC_MSGSEND = YES;
				ENABLE_TESTABILITY = YES;
				ENABLE_USER_SCRIPT_SANDBOXING = YES;
				GCC_C_LANGUAGE_STANDARD = gnu17;
				GCC_DYNAMIC_NO_PIC = NO;
				GCC_NO_COMMON_BLOCKS = YES;
				GCC_OPTIMIZATION_LEVEL = 0;
				GCC_PREPROCESSOR_DEFINITIONS = (
					"DEBUG=1",
					"$(inherited)",
				);
				GCC_WARN_64_TO_32_BIT_CONVERSION = YES;
				GCC_WARN_ABOUT_RETURN_TYPE = YES_ERROR;
				GCC_WARN_UNDECLARED_SELECTOR = YES;
				GCC_WARN_UNINITIALIZED_AUTOS = YES_AGGRESSIVE;
				GCC_WARN_UNUSED_FUNCTION = YES;
				GCC_WARN_UNUSED_VARIABLE = YES;
				IPHONEOS_DEPLOYMENT_TARGET = 18.2;
				LOCALIZATION_PREFERS_STRING_CATALOGS = YES;
				MTL_ENABLE_DEBUG_INFO = INCLUDE_SOURCE;
				MTL_FAST_MATH = YES;
				ONLY_ACTIVE_ARCH = YES;
				SDKROOT = iphoneos;
				SWIFT_ACTIVE_COMPILATION_CONDITIONS = "DEBUG $(inherited)";
				SWIFT_OPTIMIZATION_LEVEL = "-Onone";
			};
			name = Debug;
		};
		2243DACB2D5B0C8C005B8B4F /* Release */ = {
			isa = XCBuildConfiguration;
			buildSettings = {
				ALWAYS_SEARCH_USER_PATHS = NO;
				ASSETCATALOG_COMPILER_GENERATE_SWIFT_ASSET_SYMBOL_EXTENSIONS = YES;
				CLANG_ANALYZER_NONNULL = YES;
				CLANG_ANALYZER_NUMBER_OBJECT_CONVERSION = YES_AGGRESSIVE;
				CLANG_CXX_LANGUAGE_STANDARD = "gnu++20";
				CLANG_ENABLE_MODULES = YES;
				CLANG_ENABLE_OBJC_ARC = YES;
				CLANG_ENABLE_OBJC_WEAK = YES;
				CLANG_WARN_BLOCK_CAPTURE_AUTORELEASING = YES;
				CLANG_WARN_BOOL_CONVERSION = YES;
				CLANG_WARN_COMMA = YES;
				CLANG_WARN_CONSTANT_CONVERSION = YES;
				CLANG_WARN_DEPRECATED_OBJC_IMPLEMENTATIONS = YES;
				CLANG_WARN_DIRECT_OBJC_ISA_USAGE = YES_ERROR;
				CLANG_WARN_DOCUMENTATION_COMMENTS = YES;
				CLANG_WARN_EMPTY_BODY = YES;
				CLANG_WARN_ENUM_CONVERSION = YES;
				CLANG_WARN_INFINITE_RECURSION = YES;
				CLANG_WARN_INT_CONVERSION = YES;
				CLANG_WARN_NON_LITERAL_NULL_CONVERSION = YES;
				CLANG_WARN_OBJC_IMPLICIT_RETAIN_SELF = YES;
				CLANG_WARN_OBJC_LITERAL_CONVERSION = YES;
				CLANG_WARN_OBJC_ROOT_CLASS = YES_ERROR;
				CLANG_WARN_QUOTED_INCLUDE_IN_FRAMEWORK_HEADER = YES;
				CLANG_WARN_RANGE_LOOP_ANALYSIS = YES;
				CLANG_WARN_STRICT_PROTOTYPES = YES;
				CLANG_WARN_SUSPICIOUS_MOVE = YES;
				CLANG_WARN_UNGUARDED_AVAILABILITY = YES_AGGRESSIVE;
				CLANG_WARN_UNREACHABLE_CODE = YES;
				CLANG_WARN__DUPLICATE_METHOD_MATCH = YES;
				COPY_PHASE_STRIP = NO;
				DEBUG_INFORMATION_FORMAT = "dwarf-with-dsym";
				ENABLE_NS_ASSERTIONS = NO;
				ENABLE_STRICT_OBJC_MSGSEND = YES;
				ENABLE_USER_SCRIPT_SANDBOXING = YES;
				GCC_C_LANGUAGE_STANDARD = gnu17;
				GCC_NO_COMMON_BLOCKS = YES;
				GCC_WARN_64_TO_32_BIT_CONVERSION = YES;
				GCC_WARN_ABOUT_RETURN_TYPE = YES_ERROR;
				GCC_WARN_UNDECLARED_SELECTOR = YES;
				GCC_WARN_UNINITIALIZED_AUTOS = YES_AGGRESSIVE;
				GCC_WARN_UNUSED_FUNCTION = YES;
				GCC_WARN_UNUSED_VARIABLE = YES;
				IPHONEOS_DEPLOYMENT_TARGET = 18.2;
				LOCALIZATION_PREFERS_STRING_CATALOGS = YES;
				MTL_ENABLE_DEBUG_INFO = NO;
				MTL_FAST_MATH = YES;
				SDKROOT = iphoneos;
				SWIFT_COMPILATION_MODE = wholemodule;
				VALIDATE_PRODUCT = YES;
			};
			name = Release;
		};
		2243DACD2D5B0C8C005B8B4F /* Debug */ = {
			isa = XCBuildConfiguration;
			buildSettings = {
				BUNDLE_LOADER = "$(TEST_HOST)";
				CODE_SIGN_STYLE = Automatic;
				CURRENT_PROJECT_VERSION = 1;
				GENERATE_INFOPLIST_FILE = YES;
				IPHONEOS_DEPLOYMENT_TARGET = 18.2;
				MARKETING_VERSION = 1.0;
				PRODUCT_BUNDLE_IDENTIFIER = "edu.kjsce.Dice-RollTests";
				PRODUCT_NAME = "$(TARGET_NAME)";
				SWIFT_EMIT_LOC_STRINGS = NO;
				SWIFT_VERSION = 5.0;
				TARGETED_DEVICE_FAMILY = "1,2";
				TEST_HOST = "$(BUILT_PRODUCTS_DIR)/Dice_Roll.app/$(BUNDLE_EXECUTABLE_FOLDER_PATH)/Dice_Roll";
			};
			name = Debug;
		};
		2243DACE2D5B0C8C005B8B4F /* Release */ = {
			isa = XCBuildConfiguration;
			buildSettings = {
				BUNDLE_LOADER = "$(TEST_HOST)";
				CODE_SIGN_STYLE = Automatic;
				CURRENT_PROJECT_VERSION = 1;
				GENERATE_INFOPLIST_FILE = YES;
				IPHONEOS_DEPLOYMENT_TARGET = 18.2;
				MARKETING_VERSION = 1.0;
				PRODUCT_BUNDLE_IDENTIFIER = "edu.kjsce.Dice-RollTests";
				PRODUCT_NAME = "$(TARGET_NAME)";
				SWIFT_EMIT_LOC_STRINGS = NO;
				SWIFT_VERSION = 5.0;
				TARGETED_DEVICE_FAMILY = "1,2";
				TEST_HOST = "$(BUILT_PRODUCTS_DIR)/Dice_Roll.app/$(BUNDLE_EXECUTABLE_FOLDER_PATH)/Dice_Roll";
			};
			name = Release;
		};
		2243DAD02D5B0C8C005B8B4F /* Debug */ = {
			isa = XCBuildConfiguration;
			buildSettings = {
				CODE_SIGN_STYLE = Automatic;
				CURRENT_PROJECT_VERSION = 1;
				GENERATE_INFOPLIST_FILE = YES;
				MARKETING_VERSION = 1.0;
				PRODUCT_BUNDLE_IDENTIFIER = "edu.kjsce.Dice-RollUITests";
				PRODUCT_NAME = "$(TARGET_NAME)";
				SWIFT_EMIT_LOC_STRINGS = NO;
				SWIFT_VERSION = 5.0;
				TARGETED_DEVICE_FAMILY = "1,2";
				TEST_TARGET_NAME = Dice_Roll;
			};
			name = Debug;
		};
		2243DAD12D5B0C8C005B8B4F /* Release */ = {
			isa = XCBuildConfiguration;
			buildSettings = {
				CODE_SIGN_STYLE = Automatic;
				CURRENT_PROJECT_VERSION = 1;
				GENERATE_INFOPLIST_FILE = YES;
				MARKETING_VERSION = 1.0;
				PRODUCT_BUNDLE_IDENTIFIER = "edu.kjsce.Dice-RollUITests";
				PRODUCT_NAME = "$(TARGET_NAME)";
				SWIFT_EMIT_LOC_STRINGS = NO;
				SWIFT_VERSION = 5.0;
				TARGETED_DEVICE_FAMILY = "1,2";
				TEST_TARGET_NAME = Dice_Roll;
			};
			name = Release;
		};
/* End XCBuildConfiguration section */

/* Begin XCConfigurationList section */
		2243DA992D5B0C8A005B8B4F /* Build configuration list for PBXProject "Dice_Roll" */ = {
			isa = XCConfigurationList;
			buildConfigurations = (
				2243DACA2D5B0C8C005B8B4F /* Debug */,
				2243DACB2D5B0C8C005B8B4F /* Release */,
			);
			defaultConfigurationIsVisible = 0;
			defaultConfigurationName = Release;
		};
		2243DAC72D5B0C8C005B8B4F /* Build configuration list for PBXNativeTarget "Dice_Roll" */ = {
			isa = XCConfigurationList;
			buildConfigurations = (
				2243DAC82D5B0C8C005B8B4F /* Debug */,
				2243DAC92D5B0C8C005B8B4F /* Release */,
			);
			defaultConfigurationIsVisible = 0;
			defaultConfigurationName = Release;
		};
		2243DACC2D5B0C8C005B8B4F /* Build configuration list for PBXNativeTarget "Dice_RollTests" */ = {
			isa = XCConfigurationList;
			buildConfigurations = (
				2243DACD2D5B0C8C005B8B4F /* Debug */,
				2243DACE2D5B0C8C005B8B4F /* Release */,
			);
			defaultConfigurationIsVisible = 0;
			defaultConfigurationName = Release;
		};
		2243DACF2D5B0C8C005B8B4F /* Build configuration list for PBXNativeTarget "Dice_RollUITests" */ = {
			isa = XCConfigurationList;
			buildConfigurations = (
				2243DAD02D5B0C8C005B8B4F /* Debug */,
				2243DAD12D5B0C8C005B8B4F /* Release */,
			);
			defaultConfigurationIsVisible = 0;
			defaultConfigurationName = Release;
		};
/* End XCConfigurationList section */
	};
	rootObject = 2243DA962D5B0C8A005B8B4F /* Project object */;
}
